
Microsoft Visual Studio Solution File, Format Version 12.00
# Visual Studio Version 17
VisualStudioVersion = 17.2.32602.215
MinimumVisualStudioVersion = 10.0.40219.1
Project("{FAE04EC0-301F-11D3-BF4B-00C04F79EFBC}") = "CalulatorApp", "CalulatorApp\CalulatorApp.csproj", "{DA3DA8E8-A122-4DC9-8E0E-965BE5BA8EFA}"
EndProject
Global
	GlobalSection(SolutionConfigurationPlatforms) = preSolution
		Debug|Any CPU = Debug|Any CPU
		Release|Any CPU = Release|Any CPU
	EndGlobalSection
	GlobalSection(ProjectConfigurationPlatforms) = postSolution
		{DA3DA8E8-A122-4DC9-8E0E-965BE5BA8EFA}.Debug|Any CPU.ActiveCfg = Debug|Any CPU
		{DA3DA8E8-A122-4DC9-8E0E-965BE5BA8EFA}.Debug|Any CPU.Build.0 = Debug|Any CPU
		{DA3DA8E8-A122-4DC9-8E0E-965BE5BA8EFA}.Release|Any CPU.ActiveCfg = Release|Any CPU
		{DA3DA8E8-A122-4DC9-8E0E-965BE5BA8EFA}.Release|Any CPU.Build.0 = Release|Any CPU
	EndGlobalSection
	GlobalSection(SolutionProperties) = preSolution
		HideSolutionNode = FALSE
	EndGlobalSection
	GlobalSection(ExtensibilityGlobals) = postSolution
		SolutionGuid = {2BA076A8-E8CD-48B3-B1A9-621284C7821A}
	EndGlobalSection
EndGlobal
